version = 1
revision = 3
requires-python = ">=3.14"

[[package]]
name = "argcomplete"
version = "3.6.3"
source = { registry = "https://pypi.org/simple" }
sdist = { url = "https://files.pythonhosted.org/packages/38/61/0b9ae6399dd4a58d8c1b1dc5a27d6f2808023d0b5dd3104bb99f45a33ff6/argcomplete-3.6.3.tar.gz", hash = "sha256:62e8ed4fd6a45864acc8235409461b72c9a28ee785a2011cc5eb78318786c89c", size = 73754, upload-time = "2025-10-20T03:33:34.741Z" }
wheels = [
    { url = "https://files.pythonhosted.org/packages/74/f5/9373290775639cb67a2fce7f629a1c240dce9f12fe927bc32b2736e16dfc/argcomplete-3.6.3-py3-none-any.whl", hash = "sha256:f5007b3a600ccac5d25bbce33089211dfd49eab4a7718da3f10e3082525a92ce", size = 43846, upload-time = "2025-10-20T03:33:33.021Z" },
]

[[package]]
name = "click"
version = "8.3.3"
source = { registry = "https://pypi.org/simple" }
dependencies = [
    { name = "colorama", marker = "sys_platform == 'win32'" },
]
sdist = { url = "https://files.pythonhosted.org/packages/bb/63/f9e1ea081ce35720d8b92acde70daaedace594dc93b693c869e0d5910718/click-8.3.3.tar.gz", hash = "sha256:398329ad4837b2ff7cbe1dd166a4c0f8900c3ca3a218de04466f38f6497f18a2", size = 328061, upload-time = "2026-04-22T15:11:27.506Z" }
wheels = [
    { url = "https://files.pythonhosted.org/packages/ae/44/c1221527f6a71a01ec6fbad7fa78f1d50dfa02217385cf0fa3eec7087d59/click-8.3.3-py3-none-any.whl", hash = "sha256:a2bf429bb3033c89fa4936ffb35d5cb471e3719e1f3c8a7c3fff0b8314305613", size = 110502, upload-time = "2026-04-22T15:11:25.044Z" },
]

[[package]]
name = "colorama"
version = "0.4.6"
source = { registry = "https://pypi.org/simple" }
sdist = { url = "https://files.pythonhosted.org/packages/d8/53/6f443c9a4a8358a93a6792e2acffb9d9d5cb0a5cfd8802644b7b1c9a02e4/colorama-0.4.6.tar.gz", hash = "sha256:08695f5cb7ed6e0531a20572697297273c47b8cae5a63ffc6d6ed5c201be6e44", size = 27697, upload-time = "2022-10-25T02:36:22.414Z" }
wheels = [
    { url = "https://files.pythonhosted.org/packages/d1/d6/3965ed04c63042e047cb6a3e6ed1a63a35087b6a609aa3a15ed8ac56c221/colorama-0.4.6-py2.py3-none-any.whl", hash = "sha256:4f1d9991f5acc0ca119f9d443620b77f9d6b33703e51011c16baf57afb285fc6", size = 25335, upload-time = "2022-10-25T02:36:20.889Z" },
]

[[package]]
name = "dotbot"
version = "1.24.1"
source = { registry = "https://pypi.org/simple" }
dependencies = [
    { name = "pyyaml" },
]
sdist = { url = "https://files.pythonhosted.org/packages/ce/99/905f34404698d54de29fbc1dcbb9fdc4b1bbd4b5b30207750ff5ad5b5c69/dotbot-1.24.1.tar.gz", hash = "sha256:83def50fa1625530066f105b88c2dc1c61e27536433488a12324eb0b55a14730", size = 44151, upload-time = "2026-03-14T14:48:35.84Z" }
wheels = [
    { url = "https://files.pythonhosted.org/packages/6f/f3/50612e0c3275ee85f349dd4f3e8d965e5f0a63806280bf07dda247018c43/dotbot-1.24.1-py3-none-any.whl", hash = "sha256:03236a2bdfa604966b73774430acf056a37155c84247285b6b18caaf24796f4d", size = 27568, upload-time = "2026-03-14T14:48:34.479Z" },
]

[[package]]
name = "packaging"
version = "26.2"
source = { registry = "https://pypi.org/simple" }
sdist = { url = "https://files.pythonhosted.org/packages/d7/f1/e7a6dd94a8d4a5626c03e4e99c87f241ba9e350cd9e6d75123f992427270/packaging-26.2.tar.gz", hash = "sha256:ff452ff5a3e828ce110190feff1178bb1f2ea2281fa2075aadb987c2fb221661", size = 228134, upload-time = "2026-04-24T20:15:23.917Z" }
wheels = [
    { url = "https://files.pythonhosted.org/packages/df/b2/87e62e8c3e2f4b32e5fe99e0b86d576da1312593b39f47d8ceef365e95ed/packaging-26.2-py3-none-any.whl", hash = "sha256:5fc45236b9446107ff2415ce77c807cee2862cb6fac22b8a73826d0693b0980e", size = 100195, upload-time = "2026-04-24T20:15:22.081Z" },
]

[[package]]
name = "pipx"
version = "1.12.0"
source = { registry = "https://pypi.org/simple" }
dependencies = [
    { name = "argcomplete" },
    { name = "colorama", marker = "sys_platform == 'win32'" },
    { name = "packaging" },
    { name = "platformdirs" },
    { name = "userpath" },
]
sdist = { url = "https://files.pythonhosted.org/packages/6b/b8/dcf992895f73b29d66ba21ad8032c68fd6d3ff02ac4bb9357d3a7369eb02/pipx-1.12.0.tar.gz", hash = "sha256:a25ae54944c116b7dc53440aab71975f29f4f9fe4bc478cf9ddb123bed3e00f5", size = 300827, upload-time = "2026-05-06T17:54:12.786Z" }
wheels = [
    { url = "https://files.pythonhosted.org/packages/80/b7/7008c85bde007f41e69551ecb8c8b411072fcfb7fe5a41877ae50ac5795c/pipx-1.12.0-py3-none-any.whl", hash = "sha256:7c35bb4eb3d71cf21c51ddd558f1123858374dc1d67c1a0e744f0bb611917d2a", size = 90947, upload-time = "2026-05-06T17:54:11.169Z" },
]

[[package]]
name = "platformdirs"
version = "4.9.6"
source = { registry = "https://pypi.org/simple" }
sdist = { url = "https://files.pythonhosted.org/packages/9f/4a/0883b8e3802965322523f0b200ecf33d31f10991d0401162f4b23c698b42/platformdirs-4.9.6.tar.gz", hash = "sha256:3bfa75b0ad0db84096ae777218481852c0ebc6c727b3168c1b9e0118e458cf0a", size = 29400, upload-time = "2026-04-09T00:04:10.812Z" }
wheels = [
    { url = "https://files.pythonhosted.org/packages/75/a6/a0a304dc33b49145b21f4808d763822111e67d1c3a32b524a1baf947b6e1/platformdirs-4.9.6-py3-none-any.whl", hash = "sha256:e61adb1d5e5cb3441b4b7710bea7e4c12250ca49439228cc1021c00dcfac0917", size = 21348, upload-time = "2026-04-09T00:04:09.463Z" },
]

[[package]]
name = "proart-archlinux"
version = "0.1.0"
source = { virtual = "." }
dependencies = [
    { name = "dotbot" },
    { name = "pipx" },
    { name = "rust-just" },
]

[package.metadata]
requires-dist = [
    { name = "dotbot", specifier = ">=1.24.1" },
    { name = "pipx", specifier = ">=1.12.0" },
    { name = "rust-just", specifier = ">=1.50.0" },
]

[[package]]
name = "pyyaml"
version = "6.0.3"
source = { registry = "https://pypi.org/simple" }
sdist = { url = "https://files.pythonhosted.org/packages/05/8e/961c0007c59b8dd7729d542c61a4d537767a59645b82a0b521206e1e25c2/pyyaml-6.0.3.tar.gz", hash = "sha256:d76623373421df22fb4cf8817020cbb7ef15c725b9d5e45f17e189bfc384190f", size = 130960, upload-time = "2025-09-25T21:33:16.546Z" }
wheels = [
    { url = "https://files.pythonhosted.org/packages/9d/8c/f4bd7f6465179953d3ac9bc44ac1a8a3e6122cf8ada906b4f96c60172d43/pyyaml-6.0.3-cp314-cp314-macosx_10_13_x86_64.whl", hash = "sha256:8d1fab6bb153a416f9aeb4b8763bc0f22a5586065f86f7664fc23339fc1c1fac", size = 181814, upload-time = "2025-09-25T21:32:35.712Z" },
    { url = "https://files.pythonhosted.org/packages/bd/9c/4d95bb87eb2063d20db7b60faa3840c1b18025517ae857371c4dd55a6b3a/pyyaml-6.0.3-cp314-cp314-macosx_11_0_arm64.whl", hash = "sha256:34d5fcd24b8445fadc33f9cf348c1047101756fd760b4dacb5c3e99755703310", size = 173809, upload-time = "2025-09-25T21:32:36.789Z" },
    { url = "https://files.pythonhosted.org/packages/92/b5/47e807c2623074914e29dabd16cbbdd4bf5e9b2db9f8090fa64411fc5382/pyyaml-6.0.3-cp314-cp314-manylinux2014_aarch64.manylinux_2_17_aarch64.manylinux_2_28_aarch64.whl", hash = "sha256:501a031947e3a9025ed4405a168e6ef5ae3126c59f90ce0cd6f2bfc477be31b7", size = 766454, upload-time = "2025-09-25T21:32:37.966Z" },
    { url = "https://files.pythonhosted.org/packages/02/9e/e5e9b168be58564121efb3de6859c452fccde0ab093d8438905899a3a483/pyyaml-6.0.3-cp314-cp314-manylinux2014_s390x.manylinux_2_17_s390x.manylinux_2_28_s390x.whl", hash = "sha256:b3bc83488de33889877a0f2543ade9f70c67d66d9ebb4ac959502e12de895788", size = 836355, upload-time = "2025-09-25T21:32:39.178Z" },
    { url = "https://files.pythonhosted.org/packages/88/f9/16491d7ed2a919954993e48aa941b200f38040928474c9e85ea9e64222c3/pyyaml-6.0.3-cp314-cp314-manylinux2014_x86_64.manylinux_2_17_x86_64.manylinux_2_28_x86_64.whl", hash = "sha256:c458b6d084f9b935061bc36216e8a69a7e293a2f1e68bf956dcd9e6cbcd143f5", size = 794175, upload-time = "2025-09-25T21:32:40.865Z" },
    { url = "https://files.pythonhosted.org/packages/dd/3f/5989debef34dc6397317802b527dbbafb2b4760878a53d4166579111411e/pyyaml-6.0.3-cp314-cp314-musllinux_1_2_aarch64.whl", hash = "sha256:7c6610def4f163542a622a73fb39f534f8c101d690126992300bf3207eab9764", size = 755228, upload-time = "2025-09-25T21:32:42.084Z" },
    { url = "https://files.pythonhosted.org/packages/d7/ce/af88a49043cd2e265be63d083fc75b27b6ed062f5f9fd6cdc223ad62f03e/pyyaml-6.0.3-cp314-cp314-musllinux_1_2_x86_64.whl", hash = "sha256:5190d403f121660ce8d1d2c1bb2ef1bd05b5f68533fc5c2ea899bd15f4399b35", size = 789194, upload-time = "2025-09-25T21:32:43.362Z" },
    { url = "https://files.pythonhosted.org/packages/23/20/bb6982b26a40bb43951265ba29d4c246ef0ff59c9fdcdf0ed04e0687de4d/pyyaml-6.0.3-cp314-cp314-win_amd64.whl", hash = "sha256:4a2e8cebe2ff6ab7d1050ecd59c25d4c8bd7e6f400f5f82b96557ac0abafd0ac", size = 156429, upload-time = "2025-09-25T21:32:57.844Z" },
    { url = "https://files.pythonhosted.org/packages/f4/f4/a4541072bb9422c8a883ab55255f918fa378ecf083f5b85e87fc2b4eda1b/pyyaml-6.0.3-cp314-cp314-win_arm64.whl", hash = "sha256:93dda82c9c22deb0a405ea4dc5f2d0cda384168e466364dec6255b293923b2f3", size = 143912, upload-time = "2025-09-25T21:32:59.247Z" },
    { url = "https://files.pythonhosted.org/packages/7c/f9/07dd09ae774e4616edf6cda684ee78f97777bdd15847253637a6f052a62f/pyyaml-6.0.3-cp314-cp314t-macosx_10_13_x86_64.whl", hash = "sha256:02893d100e99e03eda1c8fd5c441d8c60103fd175728e23e431db1b589cf5ab3", size = 189108, upload-time = "2025-09-25T21:32:44.377Z" },
    { url = "https://files.pythonhosted.org/packages/4e/78/8d08c9fb7ce09ad8c38ad533c1191cf27f7ae1effe5bb9400a46d9437fcf/pyyaml-6.0.3-cp314-cp314t-macosx_11_0_arm64.whl", hash = "sha256:c1ff362665ae507275af2853520967820d9124984e0f7466736aea23d8611fba", size = 183641, upload-time = "2025-09-25T21:32:45.407Z" },
    { url = "https://files.pythonhosted.org/packages/7b/5b/3babb19104a46945cf816d047db2788bcaf8c94527a805610b0289a01c6b/pyyaml-6.0.3-cp314-cp314t-manylinux2014_aarch64.manylinux_2_17_aarch64.manylinux_2_28_aarch64.whl", hash = "sha256:6adc77889b628398debc7b65c073bcb99c4a0237b248cacaf3fe8a557563ef6c", size = 831901, upload-time = "2025-09-25T21:32:48.83Z" },
    { url = "https://files.pythonhosted.org/packages/8b/cc/dff0684d8dc44da4d22a13f35f073d558c268780ce3c6ba1b87055bb0b87/pyyaml-6.0.3-cp314-cp314t-manylinux2014_s390x.manylinux_2_17_s390x.manylinux_2_28_s390x.whl", hash = "sha256:a80cb027f6b349846a3bf6d73b5e95e782175e52f22108cfa17876aaeff93702", size = 861132, upload-time = "2025-09-25T21:32:50.149Z" },
    { url = "https://files.pythonhosted.org/packages/b1/5e/f77dc6b9036943e285ba76b49e118d9ea929885becb0a29ba8a7c75e29fe/pyyaml-6.0.3-cp314-cp314t-manylinux2014_x86_64.manylinux_2_17_x86_64.manylinux_2_28_x86_64.whl", hash = "sha256:00c4bdeba853cc34e7dd471f16b4114f4162dc03e6b7afcc2128711f0eca823c", size = 839261, upload-time = "2025-09-25T21:32:51.808Z" },
    { url = "https://files.pythonhosted.org/packages/ce/88/a9db1376aa2a228197c58b37302f284b5617f56a5d959fd1763fb1675ce6/pyyaml-6.0.3-cp314-cp314t-musllinux_1_2_aarch64.whl", hash = "sha256:66e1674c3ef6f541c35191caae2d429b967b99e02040f5ba928632d9a7f0f065", size = 805272, upload-time = "2025-09-25T21:32:52.941Z" },
    { url = "https://files.pythonhosted.org/packages/da/92/1446574745d74df0c92e6aa4a7b0b3130706a4142b2d1a5869f2eaa423c6/pyyaml-6.0.3-cp314-cp314t-musllinux_1_2_x86_64.whl", hash = "sha256:16249ee61e95f858e83976573de0f5b2893b3677ba71c9dd36b9cf8be9ac6d65", size = 829923, upload-time = "2025-09-25T21:32:54.537Z" },
    { url = "https://files.pythonhosted.org/packages/f0/7a/1c7270340330e575b92f397352af856a8c06f230aa3e76f86b39d01b416a/pyyaml-6.0.3-cp314-cp314t-win_amd64.whl", hash = "sha256:4ad1906908f2f5ae4e5a8ddfce73c320c2a1429ec52eafd27138b7f1cbe341c9", size = 174062, upload-time = "2025-09-25T21:32:55.767Z" },
    { url = "https://files.pythonhosted.org/packages/f1/12/de94a39c2ef588c7e6455cfbe7343d3b2dc9d6b6b2f40c4c6565744c873d/pyyaml-6.0.3-cp314-cp314t-win_arm64.whl", hash = "sha256:ebc55a14a21cb14062aa4162f906cd962b28e2e9ea38f9b4391244cd8de4ae0b", size = 149341, upload-time = "2025-09-25T21:32:56.828Z" },
]

[[package]]
name = "rust-just"
version = "1.50.0"
source = { registry = "https://pypi.org/simple" }
sdist = { url = "https://files.pythonhosted.org/packages/7d/ee/4507865278fdfcb982f16cc91fd06d4be8e04048674040ffc3481c95c6ff/rust_just-1.50.0.tar.gz", hash = "sha256:3fab1409ed8662f17b13a61dc94bcd82e1e04dd6ca50e8d90fdf7ba7ce2d4c58", size = 1914349, upload-time = "2026-04-20T03:59:29.722Z" }
wheels = [
    { url = "https://files.pythonhosted.org/packages/13/1d/3a962f900aba20f5ab795cb0603b021b3b863ad93231eb76f36d10b91b16/rust_just-1.50.0-py3-none-macosx_10_12_x86_64.whl", hash = "sha256:bc58e3849fa20ecfc0dd1811ff998eedee98fe0d8dfd66c01dcda4f1e79f7e94", size = 1986190, upload-time = "2026-04-20T05:32:40.672Z" },
    { url = "https://files.pythonhosted.org/packages/6e/ae/4e7e77b7b73e5a32188f24501c3f047c848f2f437e64900fa2a11f9f91ec/rust_just-1.50.0-py3-none-macosx_11_0_arm64.whl", hash = "sha256:f484f422c9eff04e7e3a25fa67c0fbf7c9d6a303ede529a85f428c076824f55d", size = 1838810, upload-time = "2026-04-20T03:59:32.134Z" },
    { url = "https://files.pythonhosted.org/packages/26/76/80b7b44678c408a3081b4583ac5be1e229cab87631a3ea54f19e288643a8/rust_just-1.50.0-py3-none-manylinux_2_17_aarch64.manylinux2014_aarch64.whl", hash = "sha256:6d6c473f74259d3c615cb447696912580e7a6b25024f38c39bb7a9fd0169c794", size = 1922138, upload-time = "2026-04-20T03:59:16.805Z" },
    { url = "https://files.pythonhosted.org/packages/05/ca/421f4751d528a7537d5c259f05178bb3bc1a4543d4747e748766aaffa16f/rust_just-1.50.0-py3-none-manylinux_2_17_armv7l.manylinux2014_armv7l.whl", hash = "sha256:51770f537fb326a16deb9d5f0ea65551b7ce5e7dc19cf026e06b69af0d334e39", size = 1907446, upload-time = "2026-04-20T05:32:42.661Z" },
    { url = "https://files.pythonhosted.org/packages/e4/28/72bfb89bd5a577aca04f650cd5cfba4a68d9ab1952a0c2bf6736938780d9/rust_just-1.50.0-py3-none-manylinux_2_17_i686.manylinux2014_i686.whl", hash = "sha256:4c1c8feb30ccbe07c2300585aaf7cf25212cec2060839d2e20352fa20c1df5d3", size = 2093897, upload-time = "2026-04-20T03:59:36.837Z" },
    { url = "https://files.pythonhosted.org/packages/25/96/f411d20054579d08d461170cea966bc3864e5136200375e2cec9f1bca7f1/rust_just-1.50.0-py3-none-manylinux_2_17_ppc64le.manylinux2014_ppc64le.whl", hash = "sha256:70143fdd59e1050f71d4a8626e705e9661e25f9b55a717680f54613fe03fcbc0", size = 2165169, upload-time = "2026-04-20T03:59:21.817Z" },
    { url = "https://files.pythonhosted.org/packages/42/bf/4ae3ead0da01977971ac00d50f80a9e0963feb320d01b6a55e204eac622f/rust_just-1.50.0-py3-none-manylinux_2_17_s390x.manylinux2014_s390x.whl", hash = "sha256:d55c2c9f15b3646371131f451ce506606ccf1b26ccb96bcff40ea2b2366320ba", size = 2104423, upload-time = "2026-04-20T03:59:23.511Z" },
    { url = "https://files.pythonhosted.org/packages/8a/d9/f342678284cab097bd52e3f2e4bbacfd224325b353d932b5c0037774c8e5/rust_just-1.50.0-py3-none-manylinux_2_17_x86_64.manylinux2014_x86_64.whl", hash = "sha256:4f0949c25a299be2c56dc435fcb7abd1941475b0378a6c742fd6af2123395834", size = 2078252, upload-time = "2026-04-20T03:59:25.114Z" },
    { url = "https://files.pythonhosted.org/packages/ea/6a/4ba4d5300f1546fde9534bfe85cbcb604e3df98d1ef62a4f3131d8771459/rust_just-1.50.0-py3-none-manylinux_2_31_riscv64.whl", hash = "sha256:361fe9c81762e25d88fa9cc86ea635252a935808c75d3b6fa6ac47f3a409a78b", size = 1938954, upload-time = "2026-04-20T03:59:18.376Z" },
    { url = "https://files.pythonhosted.org/packages/f3/6e/d2bd6eb9413032233b5b2ba282ed31adb1e96a30f99514b7eda92b2f12d6/rust_just-1.50.0-py3-none-musllinux_1_2_aarch64.whl", hash = "sha256:d7aeebd570c8cb59891f53e2f99556bc3464bc504d635ec4ebf3ea19c8dee129", size = 1946176, upload-time = "2026-04-20T03:59:26.947Z" },
    { url = "https://files.pythonhosted.org/packages/9e/90/2de37bb61ce255f333bb68ca0e7810c3f8ffd2df0d0ab5d6b05b6d6b6e4d/rust_just-1.50.0-py3-none-musllinux_1_2_armv7l.whl", hash = "sha256:4e828bcecf360be0945866d4815ecebcee20bb59657c1e02238089ad1bbcb2b8", size = 1932433, upload-time = "2026-04-20T03:59:34.002Z" },
    { url = "https://files.pythonhosted.org/packages/25/e6/6f13656e03146914cd2a6ff64ccf0b13edc6aa891ddc09d4e7d15d5f8dea/rust_just-1.50.0-py3-none-musllinux_1_2_i686.whl", hash = "sha256:6fdadbd55cf41a7d7a470354c4ad3767b2376e205f30229b31ced12bfcf52854", size = 2064863, upload-time = "2026-04-20T03:59:19.975Z" },
    { url = "https://files.pythonhosted.org/packages/1c/01/a71cccef636db4cb91bb33fef3f919dc44378373c9b7881c820d53faeded/rust_just-1.50.0-py3-none-musllinux_1_2_riscv64.whl", hash = "sha256:520fbf76a5a54d857d1c8357d7a68c36764c56901efadbf99d878f614f60e956", size = 2109308, upload-time = "2026-04-20T03:59:14.858Z" },
    { url = "https://files.pythonhosted.org/packages/4e/5f/6e2a45166ba01bc7f463ca348bbc4d7032bb3b079dcc7ba5938e98ffc286/rust_just-1.50.0-py3-none-musllinux_1_2_x86_64.whl", hash = "sha256:5c78de8afa60da90487b37d9991aea18a8dd5e09cafc7ac196792c5998f1e74c", size = 2151063, upload-time = "2026-04-20T05:32:45.614Z" },
    { url = "https://files.pythonhosted.org/packages/98/c4/be6a38523db6761c030bcede7a0c16216d86eb7eb34a00abdf87cb3ba811/rust_just-1.50.0-py3-none-win32.whl", hash = "sha256:4f661445d94be7c54c4333a0956a7e7b31c805a1c5c4966d04e06b694cf6b3d1", size = 1853369, upload-time = "2026-04-20T03:59:35.456Z" },
    { url = "https://files.pythonhosted.org/packages/1e/2f/75b8008081894e6cd90eb47baf6088a5d61d92b98000fddb408179588f64/rust_just-1.50.0-py3-none-win_amd64.whl", hash = "sha256:2995c8e8feca32d2791010dabbef699a49d0f165f535df4d97fb0f520f2924bb", size = 2060932, upload-time = "2026-04-20T03:59:28.359Z" },
]

[[package]]
name = "userpath"
version = "1.9.2"
source = { registry = "https://pypi.org/simple" }
dependencies = [
    { name = "click" },
]
sdist = { url = "https://files.pythonhosted.org/packages/d5/b7/30753098208505d7ff9be5b3a32112fb8a4cb3ddfccbbb7ba9973f2e29ff/userpath-1.9.2.tar.gz", hash = "sha256:6c52288dab069257cc831846d15d48133522455d4677ee69a9781f11dbefd815", size = 11140, upload-time = "2024-02-29T21:39:08.742Z" }
wheels = [
    { url = "https://files.pythonhosted.org/packages/43/99/3ec6335ded5b88c2f7ed25c56ffd952546f7ed007ffb1e1539dc3b57015a/userpath-1.9.2-py3-none-any.whl", hash = "sha256:2cbf01a23d655a1ff8fc166dfb78da1b641d1ceabf0fe5f970767d380b14e89d", size = 9065, upload-time = "2024-02-29T21:39:07.551Z" },
]
